<?xml version="1.0" encoding="utf-8"?>
<Project ToolsVersion="4.0" xmlns="http://schemas.microsoft.com/developer/msbuild/2003">
  <ItemGroup>
    <Filter Include="Source Files">
      <UniqueIdentifier>{B1F27843-FECA-1BAD-B6A8-D6643CE3928A}</UniqueIdentifier>
      <Extensions>cpp;cxx;cc;c;C</Extensions>
    </Filter>
    <Filter Include="Header Files">
      <UniqueIdentifier>{06319535-FECA-1BAD-B6A8-D6643CE3928A}</UniqueIdentifier>
      <Extensions>h;hpp;hxx;hh</Extensions>
    </Filter>
    <Filter Include="Build Files">
      <UniqueIdentifier>{A1909F1C-FECA-1BAD-B6A8-D6643CE3928A}</UniqueIdentifier>
      <Extensions>mpc;mpb;mwc</Extensions>
    </Filter>
  </ItemGroup>
  <ItemGroup>
    <Midl Include="Component_Decorator.idl">
      <Filter>Source Files</Filter>
    </Midl>
    <ClCompile Include="Component_Decorator_Impl.cpp">
      <Filter>Source Files</Filter>
    </ClCompile>
    <ClCompile Include="Component_Decorator_Module.cpp">
      <Filter>Source Files</Filter>
    </ClCompile>
  </ItemGroup>
  <ItemGroup>
    <ClInclude Include="Component_Decorator.h">
      <Filter>Header Files</Filter>
    </ClInclude>
    <ClInclude Include="Component_Decorator_Impl.h">
      <Filter>Header Files</Filter>
    </ClInclude>
  </ItemGroup>
  <ItemGroup>
    <None Include="Component_Decorator.mpc">
      <Filter>Build Files</Filter>
    </None>
  </ItemGroup>
</Project>
