<?xml version="1.0" encoding="utf-8"?>
<Project ToolsVersion="4.0" xmlns="http://schemas.microsoft.com/developer/msbuild/2003">
  <ItemGroup>
    <Filter Include="Source Files">
      <UniqueIdentifier>{B1F27843-FECA-1BAD-C207-2A9C99145757}</UniqueIdentifier>
      <Extensions>cpp;cxx;cc;c;C</Extensions>
    </Filter>
    <Filter Include="Header Files">
      <UniqueIdentifier>{06319535-FECA-1BAD-C207-2A9C99145757}</UniqueIdentifier>
      <Extensions>h;hpp;hxx;hh</Extensions>
    </Filter>
    <Filter Include="Build Files">
      <UniqueIdentifier>{A1909F1C-FECA-1BAD-C207-2A9C99145757}</UniqueIdentifier>
      <Extensions>mpc;mpb;mwc</Extensions>
    </Filter>
    <Filter Include="Resource Files">
      <UniqueIdentifier>{502A2050-FECA-1BAD-C207-2A9C99145757}</UniqueIdentifier>
      <Extensions>rc;ico;cur;bmp;dlg;rc2;rct;bin;cnt;rtf;gif;jpg;jpeg;jpe</Extensions>
    </Filter>
  </ItemGroup>
  <ItemGroup>
    <ClCompile Include="Component_Asm_Visitor.cpp">
      <Filter>Source Files</Filter>
    </ClCompile>
    <ClCompile Include="DQML_Model_Factory.cpp">
      <Filter>Source Files</Filter>
    </ClCompile>
    <ClCompile Include="PICML_Model_Visitor.cpp">
      <Filter>Source Files</Filter>
    </ClCompile>
    <Midl Include="PICML_TO_DQML_Component.idl">
      <Filter>Source Files</Filter>
    </Midl>
    <ClCompile Include="PICML_TO_DQML_Component_Impl.cpp">
      <Filter>Source Files</Filter>
    </ClCompile>
    <ClCompile Include="PICML_TO_DQML_Component_Module.cpp">
      <Filter>Source Files</Filter>
    </ClCompile>
  </ItemGroup>
  <ItemGroup>
    <ClInclude Include="Component_Asm_Visitor.h">
      <Filter>Header Files</Filter>
    </ClInclude>
    <ClInclude Include="DQML_Model_Factory.h">
      <Filter>Header Files</Filter>
    </ClInclude>
    <ClInclude Include="PICML_Model_Visitor.h">
      <Filter>Header Files</Filter>
    </ClInclude>
    <ClInclude Include="PICML_TO_DQML_Component.h">
      <Filter>Header Files</Filter>
    </ClInclude>
    <ClInclude Include="PICML_TO_DQML_Component_Impl.h">
      <Filter>Header Files</Filter>
    </ClInclude>
  </ItemGroup>
  <ItemGroup>
    <None Include="PICML_TO_DQML.mpc">
      <Filter>Build Files</Filter>
    </None>
  </ItemGroup>
  <ItemGroup>
    <ResourceCompile Include="Component.ico">
      <Filter>Resource Files</Filter>
    </ResourceCompile>
    <ResourceCompile Include="Component.rc">
      <Filter>Resource Files</Filter>
    </ResourceCompile>
  </ItemGroup>
</Project>
