<?xml version="1.0" encoding="utf-8"?>
<Project ToolsVersion="4.0" xmlns="http://schemas.microsoft.com/developer/msbuild/2003">
  <ItemGroup>
    <Filter Include="Rules">
      <UniqueIdentifier>{00553A23-FECA-1BAD-EBA2-7A1CC9947EF2}</UniqueIdentifier>
      <Extensions>cpp;cxx;cc;c;C</Extensions>
    </Filter>
    <Filter Include="Source Files">
      <UniqueIdentifier>{B1F27843-FECA-1BAD-EBA2-7A1CC9947EF2}</UniqueIdentifier>
      <Extensions>cpp;cxx;cc;c;C</Extensions>
    </Filter>
    <Filter Include="Rules">
      <UniqueIdentifier>{00553A23-FECA-1BAD-EBA2-7A1CC9947EF2}</UniqueIdentifier>
      <Extensions>h;hpp;hxx;hh</Extensions>
    </Filter>
    <Filter Include="Header Files">
      <UniqueIdentifier>{06319535-FECA-1BAD-EBA2-7A1CC9947EF2}</UniqueIdentifier>
      <Extensions>h;hpp;hxx;hh</Extensions>
    </Filter>
    <Filter Include="Build Files">
      <UniqueIdentifier>{A1909F1C-FECA-1BAD-EBA2-7A1CC9947EF2}</UniqueIdentifier>
      <Extensions>mpc;mpb;mwc</Extensions>
    </Filter>
    <Filter Include="Inline Files">
      <UniqueIdentifier>{763028EF-FECA-1BAD-EBA2-7A1CC9947EF2}</UniqueIdentifier>
      <Extensions>i;ipp;inl</Extensions>
    </Filter>
    <Filter Include="Documentation">
      <UniqueIdentifier>{B14BBA74-FECA-1BAD-EBA2-7A1CC9947EF2}</UniqueIdentifier>
    </Filter>
    <Filter Include="Resource Files">
      <UniqueIdentifier>{502A2050-FECA-1BAD-EBA2-7A1CC9947EF2}</UniqueIdentifier>
      <Extensions>rc;ico;cur;bmp;dlg;rc2;rct;bin;cnt;rtf;gif;jpg;jpeg;jpe</Extensions>
    </Filter>
  </ItemGroup>
  <ItemGroup>
    <ClCompile Include="rules\attribute_decl.cpp">
      <Filter>Rules</Filter>
    </ClCompile>
    <ClCompile Include="rules\base_type_spec.cpp">
      <Filter>Rules</Filter>
    </ClCompile>
    <ClCompile Include="rules\boolean_type.cpp">
      <Filter>Rules</Filter>
    </ClCompile>
    <ClCompile Include="rules\char_type.cpp">
      <Filter>Rules</Filter>
    </ClCompile>
    <ClCompile Include="rules\component.cpp">
      <Filter>Rules</Filter>
    </ClCompile>
    <ClCompile Include="rules\const_decl.cpp">
      <Filter>Rules</Filter>
    </ClCompile>
    <ClCompile Include="rules\event.cpp">
      <Filter>Rules</Filter>
    </ClCompile>
    <ClCompile Include="rules\except_decl.cpp">
      <Filter>Rules</Filter>
    </ClCompile>
    <ClCompile Include="rules\export.cpp">
      <Filter>Rules</Filter>
    </ClCompile>
    <ClCompile Include="rules\floating_pt_type.cpp">
      <Filter>Rules</Filter>
    </ClCompile>
    <ClCompile Include="rules\grammar.cpp">
      <Filter>Rules</Filter>
    </ClCompile>
    <ClCompile Include="rules\home_decl.cpp">
      <Filter>Rules</Filter>
    </ClCompile>
    <ClCompile Include="rules\ident.cpp">
      <Filter>Rules</Filter>
    </ClCompile>
    <ClCompile Include="rules\init_params_decl.cpp">
      <Filter>Rules</Filter>
    </ClCompile>
    <ClCompile Include="rules\integer_type.cpp">
      <Filter>Rules</Filter>
    </ClCompile>
    <ClCompile Include="rules\interface.cpp">
      <Filter>Rules</Filter>
    </ClCompile>
    <ClCompile Include="rules\octet.cpp">
      <Filter>Rules</Filter>
    </ClCompile>
    <ClCompile Include="rules\op_decl.cpp">
      <Filter>Rules</Filter>
    </ClCompile>
    <ClCompile Include="rules\param_type_spec.cpp">
      <Filter>Rules</Filter>
    </ClCompile>
    <ClCompile Include="rules\preprocessor.cpp">
      <Filter>Rules</Filter>
    </ClCompile>
    <ClCompile Include="rules\raises_expr.cpp">
      <Filter>Rules</Filter>
    </ClCompile>
    <ClCompile Include="rules\scoped_name.cpp">
      <Filter>Rules</Filter>
    </ClCompile>
    <ClCompile Include="rules\simple_type_spec.cpp">
      <Filter>Rules</Filter>
    </ClCompile>
    <ClCompile Include="rules\string_type.cpp">
      <Filter>Rules</Filter>
    </ClCompile>
    <ClCompile Include="rules\template_type_spec.cpp">
      <Filter>Rules</Filter>
    </ClCompile>
    <ClCompile Include="rules\type_decl.cpp">
      <Filter>Rules</Filter>
    </ClCompile>
    <ClCompile Include="rules\type_spec.cpp">
      <Filter>Rules</Filter>
    </ClCompile>
    <ClCompile Include="rules\value.cpp">
      <Filter>Rules</Filter>
    </ClCompile>
    <ClCompile Include="rules\value_element.cpp">
      <Filter>Rules</Filter>
    </ClCompile>
    <ClCompile Include="rules\wide_string_type.cpp">
      <Filter>Rules</Filter>
    </ClCompile>
    <ClCompile Include="DSL_Deserializer.cpp">
      <Filter>default_group</Filter>
    </ClCompile>
    <ClCompile Include="DSL_DocTemplate.cpp">
      <Filter>default_group</Filter>
    </ClCompile>
    <ClCompile Include="DSL_Document.cpp">
      <Filter>default_group</Filter>
    </ClCompile>
    <ClCompile Include="DSL_Serializer.cpp">
      <Filter>default_group</Filter>
    </ClCompile>
    <ClCompile Include="DSL_TextEditor.cpp">
      <Filter>default_group</Filter>
    </ClCompile>
    <ClCompile Include="DSL_View.cpp">
      <Filter>default_group</Filter>
    </ClCompile>
    <ClCompile Include="IDL_File_Deserializer.cpp">
      <Filter>default_group</Filter>
    </ClCompile>
    <ClCompile Include="IDL_File_Parser.cpp">
      <Filter>default_group</Filter>
    </ClCompile>
    <ClCompile Include="IDL_File_Serializer.cpp">
      <Filter>default_group</Filter>
    </ClCompile>
    <ClCompile Include="IDLTextEditor.idl">
      <Filter>default_group</Filter>
    </ClCompile>
    <ClCompile Include="IDLTextEditor_Impl.cpp">
      <Filter>default_group</Filter>
    </ClCompile>
    <ClCompile Include="IDLTextEditor_Module.cpp">
      <Filter>default_group</Filter>
    </ClCompile>
    <ClCompile Include="Layout_Manager.cpp">
      <Filter>default_group</Filter>
    </ClCompile>
    <ClCompile Include="Symbols.cpp">
      <Filter>default_group</Filter>
    </ClCompile>
  </ItemGroup>
  <ItemGroup>
    <ClInclude Include="rules\actors.hpp">
      <Filter>Rules</Filter>
    </ClInclude>
    <ClInclude Include="rules\attribute_decl.hpp">
      <Filter>Rules</Filter>
    </ClInclude>
    <ClInclude Include="rules\attribute_decl_impl.hpp">
      <Filter>Rules</Filter>
    </ClInclude>
    <ClInclude Include="rules\base_type_spec.hpp">
      <Filter>Rules</Filter>
    </ClInclude>
    <ClInclude Include="rules\base_type_spec_impl.hpp">
      <Filter>Rules</Filter>
    </ClInclude>
    <ClInclude Include="rules\boolean_type.hpp">
      <Filter>Rules</Filter>
    </ClInclude>
    <ClInclude Include="rules\boolean_type_impl.hpp">
      <Filter>Rules</Filter>
    </ClInclude>
    <ClInclude Include="rules\char_type.hpp">
      <Filter>Rules</Filter>
    </ClInclude>
    <ClInclude Include="rules\char_type_impl.hpp">
      <Filter>Rules</Filter>
    </ClInclude>
    <ClInclude Include="rules\component.hpp">
      <Filter>Rules</Filter>
    </ClInclude>
    <ClInclude Include="rules\component_impl.hpp">
      <Filter>Rules</Filter>
    </ClInclude>
    <ClInclude Include="rules\const_decl.hpp">
      <Filter>Rules</Filter>
    </ClInclude>
    <ClInclude Include="rules\const_decl_impl.hpp">
      <Filter>Rules</Filter>
    </ClInclude>
    <ClInclude Include="rules\event.hpp">
      <Filter>Rules</Filter>
    </ClInclude>
    <ClInclude Include="rules\event_impl.hpp">
      <Filter>Rules</Filter>
    </ClInclude>
    <ClInclude Include="rules\except_decl.hpp">
      <Filter>Rules</Filter>
    </ClInclude>
    <ClInclude Include="rules\except_decl_impl.hpp">
      <Filter>Rules</Filter>
    </ClInclude>
    <ClInclude Include="rules\export.hpp">
      <Filter>Rules</Filter>
    </ClInclude>
    <ClInclude Include="rules\export_impl.hpp">
      <Filter>Rules</Filter>
    </ClInclude>
    <ClInclude Include="rules\floating_pt_type.hpp">
      <Filter>Rules</Filter>
    </ClInclude>
    <ClInclude Include="rules\floating_pt_type_impl.hpp">
      <Filter>Rules</Filter>
    </ClInclude>
    <ClInclude Include="rules\grammar.hpp">
      <Filter>Rules</Filter>
    </ClInclude>
    <ClInclude Include="rules\grammar_impl.hpp">
      <Filter>Rules</Filter>
    </ClInclude>
    <ClInclude Include="rules\home_decl.hpp">
      <Filter>Rules</Filter>
    </ClInclude>
    <ClInclude Include="rules\home_decl_impl.hpp">
      <Filter>Rules</Filter>
    </ClInclude>
    <ClInclude Include="rules\ident.hpp">
      <Filter>Rules</Filter>
    </ClInclude>
    <ClInclude Include="rules\ident_impl.hpp">
      <Filter>Rules</Filter>
    </ClInclude>
    <ClInclude Include="rules\init_params_decl.hpp">
      <Filter>Rules</Filter>
    </ClInclude>
    <ClInclude Include="rules\init_params_decl_impl.hpp">
      <Filter>Rules</Filter>
    </ClInclude>
    <ClInclude Include="rules\integer_type.hpp">
      <Filter>Rules</Filter>
    </ClInclude>
    <ClInclude Include="rules\integer_type_impl.hpp">
      <Filter>Rules</Filter>
    </ClInclude>
    <ClInclude Include="rules\interface.hpp">
      <Filter>Rules</Filter>
    </ClInclude>
    <ClInclude Include="rules\interface_impl.hpp">
      <Filter>Rules</Filter>
    </ClInclude>
    <ClInclude Include="rules\octet.hpp">
      <Filter>Rules</Filter>
    </ClInclude>
    <ClInclude Include="rules\octet_impl.hpp">
      <Filter>Rules</Filter>
    </ClInclude>
    <ClInclude Include="rules\op_decl.hpp">
      <Filter>Rules</Filter>
    </ClInclude>
    <ClInclude Include="rules\op_decl_impl.hpp">
      <Filter>Rules</Filter>
    </ClInclude>
    <ClInclude Include="rules\param_type_spec.hpp">
      <Filter>Rules</Filter>
    </ClInclude>
    <ClInclude Include="rules\param_type_spec_impl.hpp">
      <Filter>Rules</Filter>
    </ClInclude>
    <ClInclude Include="rules\preprocessor.hpp">
      <Filter>Rules</Filter>
    </ClInclude>
    <ClInclude Include="rules\preprocessor_impl.hpp">
      <Filter>Rules</Filter>
    </ClInclude>
    <ClInclude Include="rules\raises_expr.hpp">
      <Filter>Rules</Filter>
    </ClInclude>
    <ClInclude Include="rules\raises_expr_impl.hpp">
      <Filter>Rules</Filter>
    </ClInclude>
    <ClInclude Include="rules\scoped_name.hpp">
      <Filter>Rules</Filter>
    </ClInclude>
    <ClInclude Include="rules\scoped_name_impl.hpp">
      <Filter>Rules</Filter>
    </ClInclude>
    <ClInclude Include="rules\simple_type_spec.hpp">
      <Filter>Rules</Filter>
    </ClInclude>
    <ClInclude Include="rules\simple_type_spec_impl.hpp">
      <Filter>Rules</Filter>
    </ClInclude>
    <ClInclude Include="rules\string_type.hpp">
      <Filter>Rules</Filter>
    </ClInclude>
    <ClInclude Include="rules\string_type_impl.hpp">
      <Filter>Rules</Filter>
    </ClInclude>
    <ClInclude Include="rules\template_type_spec.hpp">
      <Filter>Rules</Filter>
    </ClInclude>
    <ClInclude Include="rules\template_type_spec_impl.hpp">
      <Filter>Rules</Filter>
    </ClInclude>
    <ClInclude Include="rules\type_decl.hpp">
      <Filter>Rules</Filter>
    </ClInclude>
    <ClInclude Include="rules\type_decl_impl.hpp">
      <Filter>Rules</Filter>
    </ClInclude>
    <ClInclude Include="rules\type_spec.hpp">
      <Filter>Rules</Filter>
    </ClInclude>
    <ClInclude Include="rules\type_spec_impl.hpp">
      <Filter>Rules</Filter>
    </ClInclude>
    <ClInclude Include="rules\value.hpp">
      <Filter>Rules</Filter>
    </ClInclude>
    <ClInclude Include="rules\value_element.hpp">
      <Filter>Rules</Filter>
    </ClInclude>
    <ClInclude Include="rules\value_element_impl.hpp">
      <Filter>Rules</Filter>
    </ClInclude>
    <ClInclude Include="rules\value_impl.hpp">
      <Filter>Rules</Filter>
    </ClInclude>
    <ClInclude Include="rules\wide_string_type.hpp">
      <Filter>Rules</Filter>
    </ClInclude>
    <ClInclude Include="rules\wide_string_type_impl.hpp">
      <Filter>Rules</Filter>
    </ClInclude>
  </ItemGroup>
  <ItemGroup>
    <None Include="IDLTextEditor.mpc">
      <Filter>Build Files</Filter>
    </None>
  </ItemGroup>
  <ItemGroup>
    <None Include="Symbols.inl">
      <Filter>Inline Files</Filter>
    </None>
  </ItemGroup>
  <ItemGroup>
    <CustomBuild Include="PICML_IDLTextEditor.html">
      <Filter>Documentation</Filter>
    </CustomBuild>
  </ItemGroup>
  <ItemGroup>
    <ResourceCompile Include="Component.rc">
      <Filter>Resource Files</Filter>
    </ResourceCompile>
    <ResourceCompile Include="DSL.ico">
      <Filter>Resource Files</Filter>
    </ResourceCompile>
  </ItemGroup>
</Project>
