
Microsoft Visual Studio Solution File, Format Version 9.00
# Visual Studio 2005
Project("{FAE04EC0-301F-11D3-BF4B-00C04F79EFBC}") = "BDCClient", "BDCClient.csproj", "{DBA58474-5FD3-4CEA-8C1E-33E2917AA567}"
EndProject
Global
	GlobalSection(SolutionConfigurationPlatforms) = preSolution
		Debug|Any CPU = Debug|Any CPU
		Release|Any CPU = Release|Any CPU
	EndGlobalSection
	GlobalSection(ProjectConfigurationPlatforms) = postSolution
		{DBA58474-5FD3-4CEA-8C1E-33E2917AA567}.Debug|Any CPU.ActiveCfg = Debug|Any CPU
		{DBA58474-5FD3-4CEA-8C1E-33E2917AA567}.Debug|Any CPU.Build.0 = Debug|Any CPU
		{DBA58474-5FD3-4CEA-8C1E-33E2917AA567}.Release|Any CPU.ActiveCfg = Release|Any CPU
		{DBA58474-5FD3-4CEA-8C1E-33E2917AA567}.Release|Any CPU.Build.0 = Release|Any CPU
	EndGlobalSection
	GlobalSection(SolutionProperties) = preSolution
		HideSolutionNode = FALSE
	EndGlobalSection
EndGlobal
