
Microsoft Visual Studio Solution File, Format Version 9.00
# Visual Studio 2005
# $Id: VC8WorkspaceCreator.pm 1139 2007-02-08 19:49:06Z elliott_c $
#
# This file was generated by MPC.  Any changes made directly to
# this file will be lost the next time it is generated.
#
# MPC Command:
# C:\mySVN\ACE_wrappers\ACE\bin\mwc.pl -type vc8 CoSMIC_Installer.mwc
Project("{8BC9CEB8-8B4A-11D0-8D11-00A0C91BC942}") = "CoSMIC_Installer", "CoSMIC_Installer.vcproj", "{B5E19353-FECA-1BAD-7C9B-443DB17FEDD2}"
EndProject
Global
	GlobalSection(SolutionConfigurationPlatforms) = preSolution
		Debug|Win32 = Debug|Win32
		Debug|x64 = Debug|x64
		Release|Win32 = Release|Win32
		Release|x64 = Release|x64
	EndGlobalSection
	GlobalSection(ProjectConfigurationPlatforms) = postSolution
		{B5E19353-FECA-1BAD-7C9B-443DB17FEDD2}.Debug|Win32.ActiveCfg = Debug|Win32
		{B5E19353-FECA-1BAD-7C9B-443DB17FEDD2}.Debug|Win32.Build.0 = Debug|Win32
		{B5E19353-FECA-1BAD-7C9B-443DB17FEDD2}.Debug|x64.ActiveCfg = Debug|x64
		{B5E19353-FECA-1BAD-7C9B-443DB17FEDD2}.Debug|x64.Build.0 = Debug|x64
		{B5E19353-FECA-1BAD-7C9B-443DB17FEDD2}.Release|Win32.ActiveCfg = Release|Win32
		{B5E19353-FECA-1BAD-7C9B-443DB17FEDD2}.Release|Win32.Build.0 = Release|Win32
		{B5E19353-FECA-1BAD-7C9B-443DB17FEDD2}.Release|x64.ActiveCfg = Release|x64
		{B5E19353-FECA-1BAD-7C9B-443DB17FEDD2}.Release|x64.Build.0 = Release|x64
	EndGlobalSection
	GlobalSection(SolutionProperties) = preSolution
		HideSolutionNode = FALSE
	EndGlobalSection
EndGlobal
