<?xml version="1.0" encoding="utf-8"?>
<Project ToolsVersion="4.0" xmlns="http://schemas.microsoft.com/developer/msbuild/2003">
  <ItemGroup>
    <Filter Include="Source Files">
      <UniqueIdentifier>{B1F27843-FECA-1BAD-E288-BFB2159CF57C}</UniqueIdentifier>
      <Extensions>cpp;cxx;cc;c;C</Extensions>
    </Filter>
    <Filter Include="Header Files">
      <UniqueIdentifier>{06319535-FECA-1BAD-E288-BFB2159CF57C}</UniqueIdentifier>
      <Extensions>h;hpp;hxx;hh</Extensions>
    </Filter>
    <Filter Include="Build Files">
      <UniqueIdentifier>{A1909F1C-FECA-1BAD-E288-BFB2159CF57C}</UniqueIdentifier>
      <Extensions>mpc;mpb;mwc</Extensions>
    </Filter>
    <Filter Include="Inline Files">
      <UniqueIdentifier>{763028EF-FECA-1BAD-E288-BFB2159CF57C}</UniqueIdentifier>
      <Extensions>i;ipp;inl</Extensions>
    </Filter>
    <Filter Include="Documentation">
      <UniqueIdentifier>{B14BBA74-FECA-1BAD-E288-BFB2159CF57C}</UniqueIdentifier>
    </Filter>
  </ItemGroup>
  <ItemGroup>
    <ClCompile Include="DQML\iCCM\DataReaderQos\DataReaderQos.cpp">
      <Filter>Source Files</Filter>
    </ClCompile>
    <ClCompile Include="DQML\iCCM\DataWriterQos\DataWriterQos.cpp">
      <Filter>Source Files</Filter>
    </ClCompile>
    <ClCompile Include="DQML\iCCM\DomainParticipantQos\ListenerSchedulingQosPolicy.cpp">
      <Filter>Source Files</Filter>
    </ClCompile>
    <ClCompile Include="DQML\iCCM\DomainParticipantQos\Participant.cpp">
      <Filter>Source Files</Filter>
    </ClCompile>
    <ClCompile Include="DQML\iCCM\DomainParticipantQos\WatchdogSchedulingQosPolicy.cpp">
      <Filter>Source Files</Filter>
    </ClCompile>
    <ClCompile Include="DQML\iCCM\DomainQos\Domain.cpp">
      <Filter>Source Files</Filter>
    </ClCompile>
    <ClCompile Include="DQML\iCCM\DomainQos\DomainQosFolder.cpp">
      <Filter>Source Files</Filter>
    </ClCompile>
    <ClCompile Include="DQML\iCCM\DomainQos\PublisherConnection.cpp">
      <Filter>Source Files</Filter>
    </ClCompile>
    <ClCompile Include="DQML\iCCM\DomainQos\PublishesConnection.cpp">
      <Filter>Source Files</Filter>
    </ClCompile>
    <ClCompile Include="DQML\iCCM\DomainQos\SubscriberConnection.cpp">
      <Filter>Source Files</Filter>
    </ClCompile>
    <ClCompile Include="DQML\iCCM\iCCM\iCCM.cpp">
      <Filter>Source Files</Filter>
    </ClCompile>
    <ClCompile Include="DQML\iCCM\PublisherSubscriberQos\PublisherQos.cpp">
      <Filter>Source Files</Filter>
    </ClCompile>
    <ClCompile Include="DQML\iCCM\PublisherSubscriberQos\SubscriberQos.cpp">
      <Filter>Source Files</Filter>
    </ClCompile>
    <ClCompile Include="DQML\iCCM\TopicQos\TopicQos.cpp">
      <Filter>Source Files</Filter>
    </ClCompile>
    <ClCompile Include="DQML\iCCM\TopicQos\TopicQosFolder.cpp">
      <Filter>Source Files</Filter>
    </ClCompile>
    <ClCompile Include="DQML\iCCM\TopicQos\TopicQosReference.cpp">
      <Filter>Source Files</Filter>
    </ClCompile>
    <ClCompile Include="DQML\Impl_Factory.cpp">
      <Filter>Source Files</Filter>
    </ClCompile>
    <ClCompile Include="DQML\Init.cpp">
      <Filter>Source Files</Filter>
    </ClCompile>
    <ClCompile Include="DQML\RootFolder.cpp">
      <Filter>Source Files</Filter>
    </ClCompile>
    <ClCompile Include="DQML\Standard\DDSEntities\DataReader.cpp">
      <Filter>Source Files</Filter>
    </ClCompile>
    <ClCompile Include="DQML\Standard\DDSEntities\DataWriter.cpp">
      <Filter>Source Files</Filter>
    </ClCompile>
    <ClCompile Include="DQML\Standard\DDSEntities\DomainEntity.cpp">
      <Filter>Source Files</Filter>
    </ClCompile>
    <ClCompile Include="DQML\Standard\DDSEntities\DomainParticipant.cpp">
      <Filter>Source Files</Filter>
    </ClCompile>
    <ClCompile Include="DQML\Standard\DDSEntities\DomainParticipantFactory.cpp">
      <Filter>Source Files</Filter>
    </ClCompile>
    <ClCompile Include="DQML\Standard\DDSEntities\Publisher.cpp">
      <Filter>Source Files</Filter>
    </ClCompile>
    <ClCompile Include="DQML\Standard\DDSEntities\Subscriber.cpp">
      <Filter>Source Files</Filter>
    </ClCompile>
    <ClCompile Include="DQML\Standard\DDSEntities\Topic.cpp">
      <Filter>Source Files</Filter>
    </ClCompile>
    <ClCompile Include="DQML\Standard\DeadlineQosPolicy\dr_deadline_Connection.cpp">
      <Filter>Source Files</Filter>
    </ClCompile>
    <ClCompile Include="DQML\Standard\DeadlineQosPolicy\dw_deadline_Connection.cpp">
      <Filter>Source Files</Filter>
    </ClCompile>
    <ClCompile Include="DQML\Standard\DeadlineQosPolicy\top_deadline_Connection.cpp">
      <Filter>Source Files</Filter>
    </ClCompile>
    <ClCompile Include="DQML\Standard\DestinationOrderQosPolicy\dr_dstOrder_Connection.cpp">
      <Filter>Source Files</Filter>
    </ClCompile>
    <ClCompile Include="DQML\Standard\DestinationOrderQosPolicy\dw_dstOrder_Connection.cpp">
      <Filter>Source Files</Filter>
    </ClCompile>
    <ClCompile Include="DQML\Standard\DestinationOrderQosPolicy\topic_dstOrder_Connection.cpp">
      <Filter>Source Files</Filter>
    </ClCompile>
    <ClCompile Include="DQML\Standard\DurabilityQosPolicy\dr_durqos_Connection.cpp">
      <Filter>Source Files</Filter>
    </ClCompile>
    <ClCompile Include="DQML\Standard\DurabilityQosPolicy\dw_durqos_Connection.cpp">
      <Filter>Source Files</Filter>
    </ClCompile>
    <ClCompile Include="DQML\Standard\DurabilityQosPolicy\topic_durqos_Connection.cpp">
      <Filter>Source Files</Filter>
    </ClCompile>
    <ClCompile Include="DQML\Standard\DurabilityServiceQosPolicy\dw_dursvc_Connection.cpp">
      <Filter>Source Files</Filter>
    </ClCompile>
    <ClCompile Include="DQML\Standard\DurabilityServiceQosPolicy\topic_dursvc_Connection.cpp">
      <Filter>Source Files</Filter>
    </ClCompile>
    <ClCompile Include="DQML\Standard\EntityFactoryQosPolicy\dp_entityfactory_Connection.cpp">
      <Filter>Source Files</Filter>
    </ClCompile>
    <ClCompile Include="DQML\Standard\EntityFactoryQosPolicy\dpfactory_entityfactory_Connection.cpp">
      <Filter>Source Files</Filter>
    </ClCompile>
    <ClCompile Include="DQML\Standard\EntityFactoryQosPolicy\pub_entityfactory_Connection.cpp">
      <Filter>Source Files</Filter>
    </ClCompile>
    <ClCompile Include="DQML\Standard\EntityFactoryQosPolicy\sub_entityfactory_Connection.cpp">
      <Filter>Source Files</Filter>
    </ClCompile>
    <ClCompile Include="DQML\Standard\GroupDataQosPolicy\pub_groupdata_Connection.cpp">
      <Filter>Source Files</Filter>
    </ClCompile>
    <ClCompile Include="DQML\Standard\GroupDataQosPolicy\sub_groupdata_Connection.cpp">
      <Filter>Source Files</Filter>
    </ClCompile>
    <ClCompile Include="DQML\Standard\HistoryQosPolicy\dr_history_Connection.cpp">
      <Filter>Source Files</Filter>
    </ClCompile>
    <ClCompile Include="DQML\Standard\HistoryQosPolicy\dw_history_Connection.cpp">
      <Filter>Source Files</Filter>
    </ClCompile>
    <ClCompile Include="DQML\Standard\HistoryQosPolicy\topic_history_Connection.cpp">
      <Filter>Source Files</Filter>
    </ClCompile>
    <ClCompile Include="DQML\Standard\LatencyBudgetQosPolicy\dr_latency_Connection.cpp">
      <Filter>Source Files</Filter>
    </ClCompile>
    <ClCompile Include="DQML\Standard\LatencyBudgetQosPolicy\dw_latency_Connection.cpp">
      <Filter>Source Files</Filter>
    </ClCompile>
    <ClCompile Include="DQML\Standard\LatencyBudgetQosPolicy\top_latency_Connection.cpp">
      <Filter>Source Files</Filter>
    </ClCompile>
    <ClCompile Include="DQML\Standard\LifespanQosPolicy\dw_lifespan_Connection.cpp">
      <Filter>Source Files</Filter>
    </ClCompile>
    <ClCompile Include="DQML\Standard\LifespanQosPolicy\topic_lifespan_Connection.cpp">
      <Filter>Source Files</Filter>
    </ClCompile>
    <ClCompile Include="DQML\Standard\LivelinessQosPolicy\dr_liveliness_Connection.cpp">
      <Filter>Source Files</Filter>
    </ClCompile>
    <ClCompile Include="DQML\Standard\LivelinessQosPolicy\dw_liveliness_Connection.cpp">
      <Filter>Source Files</Filter>
    </ClCompile>
    <ClCompile Include="DQML\Standard\LivelinessQosPolicy\topic_liveliness_Connection.cpp">
      <Filter>Source Files</Filter>
    </ClCompile>
    <ClCompile Include="DQML\Standard\Main\DDSQoS.cpp">
      <Filter>Source Files</Filter>
    </ClCompile>
    <ClCompile Include="DQML\Standard\Main\dp_pub_Connection.cpp">
      <Filter>Source Files</Filter>
    </ClCompile>
    <ClCompile Include="DQML\Standard\Main\dp_sub_Connection.cpp">
      <Filter>Source Files</Filter>
    </ClCompile>
    <ClCompile Include="DQML\Standard\Main\dp_topic_Connection.cpp">
      <Filter>Source Files</Filter>
    </ClCompile>
    <ClCompile Include="DQML\Standard\Main\dpf_dp_Connection.cpp">
      <Filter>Source Files</Filter>
    </ClCompile>
    <ClCompile Include="DQML\Standard\Main\dr_sub_Connection.cpp">
      <Filter>Source Files</Filter>
    </ClCompile>
    <ClCompile Include="DQML\Standard\Main\dr_topic_Connection.cpp">
      <Filter>Source Files</Filter>
    </ClCompile>
    <ClCompile Include="DQML\Standard\Main\dw_pub_Connection.cpp">
      <Filter>Source Files</Filter>
    </ClCompile>
    <ClCompile Include="DQML\Standard\Main\dw_topic_Connection.cpp">
      <Filter>Source Files</Filter>
    </ClCompile>
    <ClCompile Include="DQML\Standard\OwnershipQosPolicy\dr_ownership_Connection.cpp">
      <Filter>Source Files</Filter>
    </ClCompile>
    <ClCompile Include="DQML\Standard\OwnershipQosPolicy\dw_ownership_Connection.cpp">
      <Filter>Source Files</Filter>
    </ClCompile>
    <ClCompile Include="DQML\Standard\OwnershipQosPolicy\topic_ownership_Connection.cpp">
      <Filter>Source Files</Filter>
    </ClCompile>
    <ClCompile Include="DQML\Standard\OwnershipStrengthQosPolicy\dw_ownerstrength_Connection.cpp">
      <Filter>Source Files</Filter>
    </ClCompile>
    <ClCompile Include="DQML\Standard\PartitionQosPolicy\pub_part_Connection.cpp">
      <Filter>Source Files</Filter>
    </ClCompile>
    <ClCompile Include="DQML\Standard\PartitionQosPolicy\sub_part_Connection.cpp">
      <Filter>Source Files</Filter>
    </ClCompile>
    <ClCompile Include="DQML\Standard\PresentationQosPolicy\pub_presqos_Connection.cpp">
      <Filter>Source Files</Filter>
    </ClCompile>
    <ClCompile Include="DQML\Standard\PresentationQosPolicy\sub_presqos_Connection.cpp">
      <Filter>Source Files</Filter>
    </ClCompile>
    <ClCompile Include="DQML\Standard\QoSPolicies\DeadlineQosPolicy.cpp">
      <Filter>Source Files</Filter>
    </ClCompile>
    <ClCompile Include="DQML\Standard\QoSPolicies\DestinationOrderQosPolicy.cpp">
      <Filter>Source Files</Filter>
    </ClCompile>
    <ClCompile Include="DQML\Standard\QoSPolicies\DurabilityQosPolicy.cpp">
      <Filter>Source Files</Filter>
    </ClCompile>
    <ClCompile Include="DQML\Standard\QoSPolicies\DurabilityServiceQosPolicy.cpp">
      <Filter>Source Files</Filter>
    </ClCompile>
    <ClCompile Include="DQML\Standard\QoSPolicies\EntityFactoryQosPolicy.cpp">
      <Filter>Source Files</Filter>
    </ClCompile>
    <ClCompile Include="DQML\Standard\QoSPolicies\GroupDataQosPolicy.cpp">
      <Filter>Source Files</Filter>
    </ClCompile>
    <ClCompile Include="DQML\Standard\QoSPolicies\HistoryQosPolicy.cpp">
      <Filter>Source Files</Filter>
    </ClCompile>
    <ClCompile Include="DQML\Standard\QoSPolicies\LatencyBudgetQosPolicy.cpp">
      <Filter>Source Files</Filter>
    </ClCompile>
    <ClCompile Include="DQML\Standard\QoSPolicies\LifespanQosPolicy.cpp">
      <Filter>Source Files</Filter>
    </ClCompile>
    <ClCompile Include="DQML\Standard\QoSPolicies\LivelinessQosPolicy.cpp">
      <Filter>Source Files</Filter>
    </ClCompile>
    <ClCompile Include="DQML\Standard\QoSPolicies\OwnershipQosPolicy.cpp">
      <Filter>Source Files</Filter>
    </ClCompile>
    <ClCompile Include="DQML\Standard\QoSPolicies\OwnershipStrengthQosPolicy.cpp">
      <Filter>Source Files</Filter>
    </ClCompile>
    <ClCompile Include="DQML\Standard\QoSPolicies\PartitionQosPolicy.cpp">
      <Filter>Source Files</Filter>
    </ClCompile>
    <ClCompile Include="DQML\Standard\QoSPolicies\PresentationQosPolicy.cpp">
      <Filter>Source Files</Filter>
    </ClCompile>
    <ClCompile Include="DQML\Standard\QoSPolicies\QoSPolicy.cpp">
      <Filter>Source Files</Filter>
    </ClCompile>
    <ClCompile Include="DQML\Standard\QoSPolicies\ReaderDataLifecycleQosPolicy.cpp">
      <Filter>Source Files</Filter>
    </ClCompile>
    <ClCompile Include="DQML\Standard\QoSPolicies\ReaderLifespanQosPolicy.cpp">
      <Filter>Source Files</Filter>
    </ClCompile>
    <ClCompile Include="DQML\Standard\QoSPolicies\ReliabilityQosPolicy.cpp">
      <Filter>Source Files</Filter>
    </ClCompile>
    <ClCompile Include="DQML\Standard\QoSPolicies\ResourceLimitsQosPolicy.cpp">
      <Filter>Source Files</Filter>
    </ClCompile>
    <ClCompile Include="DQML\Standard\QoSPolicies\SchedulingClassQosPolicy.cpp">
      <Filter>Source Files</Filter>
    </ClCompile>
    <ClCompile Include="DQML\Standard\QoSPolicies\SchedulingPriorityQosPolicy.cpp">
      <Filter>Source Files</Filter>
    </ClCompile>
    <ClCompile Include="DQML\Standard\QoSPolicies\ShareQosPolicy.cpp">
      <Filter>Source Files</Filter>
    </ClCompile>
    <ClCompile Include="DQML\Standard\QoSPolicies\StringSeq.cpp">
      <Filter>Source Files</Filter>
    </ClCompile>
    <ClCompile Include="DQML\Standard\QoSPolicies\StringSeq_Item.cpp">
      <Filter>Source Files</Filter>
    </ClCompile>
    <ClCompile Include="DQML\Standard\QoSPolicies\SubscriptionKeyQosPolicy.cpp">
      <Filter>Source Files</Filter>
    </ClCompile>
    <ClCompile Include="DQML\Standard\QoSPolicies\TimeBasedFilterQosPolicy.cpp">
      <Filter>Source Files</Filter>
    </ClCompile>
    <ClCompile Include="DQML\Standard\QoSPolicies\TopicDataQosPolicy.cpp">
      <Filter>Source Files</Filter>
    </ClCompile>
    <ClCompile Include="DQML\Standard\QoSPolicies\TransportPriorityQosPolicy.cpp">
      <Filter>Source Files</Filter>
    </ClCompile>
    <ClCompile Include="DQML\Standard\QoSPolicies\UserDataQosPolicy.cpp">
      <Filter>Source Files</Filter>
    </ClCompile>
    <ClCompile Include="DQML\Standard\QoSPolicies\WriterDataLifecycleQosPolicy.cpp">
      <Filter>Source Files</Filter>
    </ClCompile>
    <ClCompile Include="DQML\Standard\ReaderDataLifecycleQosPolicy\dr_readerdatalifecycle_Connection.cpp">
      <Filter>Source Files</Filter>
    </ClCompile>
    <ClCompile Include="DQML\Standard\ReliabilityQosPolicy\dr_reliability_Connection.cpp">
      <Filter>Source Files</Filter>
    </ClCompile>
    <ClCompile Include="DQML\Standard\ReliabilityQosPolicy\dw_reliability_Connection.cpp">
      <Filter>Source Files</Filter>
    </ClCompile>
    <ClCompile Include="DQML\Standard\ReliabilityQosPolicy\topic_reliability_Connection.cpp">
      <Filter>Source Files</Filter>
    </ClCompile>
    <ClCompile Include="DQML\Standard\ResourceLimitsQosPolicy\dr_res_Connection.cpp">
      <Filter>Source Files</Filter>
    </ClCompile>
    <ClCompile Include="DQML\Standard\ResourceLimitsQosPolicy\dw_res_Connection.cpp">
      <Filter>Source Files</Filter>
    </ClCompile>
    <ClCompile Include="DQML\Standard\ResourceLimitsQosPolicy\topic_res_Connection.cpp">
      <Filter>Source Files</Filter>
    </ClCompile>
    <ClCompile Include="DQML\Standard\SchedulingQosPolicy\SchedulingQosPolicy.cpp">
      <Filter>Source Files</Filter>
    </ClCompile>
    <ClCompile Include="DQML\Standard\TimeBasedFilterQosPolicy\dr_timebased_Connection.cpp">
      <Filter>Source Files</Filter>
    </ClCompile>
    <ClCompile Include="DQML\Standard\TopicDataQosPolicy\topic_topicdata_Connection.cpp">
      <Filter>Source Files</Filter>
    </ClCompile>
    <ClCompile Include="DQML\Standard\TransportPriorityQosPolicy\dw_transpri_Connection.cpp">
      <Filter>Source Files</Filter>
    </ClCompile>
    <ClCompile Include="DQML\Standard\TransportPriorityQosPolicy\topic_transpri_Connection.cpp">
      <Filter>Source Files</Filter>
    </ClCompile>
    <ClCompile Include="DQML\Standard\UserDataQosPolicy\dp_userdata_Connection.cpp">
      <Filter>Source Files</Filter>
    </ClCompile>
    <ClCompile Include="DQML\Standard\UserDataQosPolicy\dr_userdata_Connection.cpp">
      <Filter>Source Files</Filter>
    </ClCompile>
    <ClCompile Include="DQML\Standard\UserDataQosPolicy\dw_userdata_Connection.cpp">
      <Filter>Source Files</Filter>
    </ClCompile>
    <ClCompile Include="DQML\Standard\WriterDataLifecycleQosPolicy\dw_writerdatalifecycle_Connection.cpp">
      <Filter>Source Files</Filter>
    </ClCompile>
    <ClCompile Include="DQML\Visitor.cpp">
      <Filter>Source Files</Filter>
    </ClCompile>
  </ItemGroup>
  <ItemGroup>
    <ClInclude Include="DQML\iCCM\DataReaderQos\DataReaderQos.h">
      <Filter>Header Files</Filter>
    </ClInclude>
    <ClInclude Include="DQML\iCCM\DataWriterQos\DataWriterQos.h">
      <Filter>Header Files</Filter>
    </ClInclude>
    <ClInclude Include="DQML\iCCM\DomainParticipantQos\ListenerSchedulingQosPolicy.h">
      <Filter>Header Files</Filter>
    </ClInclude>
    <ClInclude Include="DQML\iCCM\DomainParticipantQos\Participant.h">
      <Filter>Header Files</Filter>
    </ClInclude>
    <ClInclude Include="DQML\iCCM\DomainParticipantQos\WatchdogSchedulingQosPolicy.h">
      <Filter>Header Files</Filter>
    </ClInclude>
    <ClInclude Include="DQML\iCCM\DomainQos\Domain.h">
      <Filter>Header Files</Filter>
    </ClInclude>
    <ClInclude Include="DQML\iCCM\DomainQos\DomainQosFolder.h">
      <Filter>Header Files</Filter>
    </ClInclude>
    <ClInclude Include="DQML\iCCM\DomainQos\PublisherConnection.h">
      <Filter>Header Files</Filter>
    </ClInclude>
    <ClInclude Include="DQML\iCCM\DomainQos\PublishesConnection.h">
      <Filter>Header Files</Filter>
    </ClInclude>
    <ClInclude Include="DQML\iCCM\DomainQos\SubscriberConnection.h">
      <Filter>Header Files</Filter>
    </ClInclude>
    <ClInclude Include="DQML\iCCM\iCCM\iCCM.h">
      <Filter>Header Files</Filter>
    </ClInclude>
    <ClInclude Include="DQML\iCCM\PublisherSubscriberQos\PublisherQos.h">
      <Filter>Header Files</Filter>
    </ClInclude>
    <ClInclude Include="DQML\iCCM\PublisherSubscriberQos\SubscriberQos.h">
      <Filter>Header Files</Filter>
    </ClInclude>
    <ClInclude Include="DQML\iCCM\TopicQos\TopicQos.h">
      <Filter>Header Files</Filter>
    </ClInclude>
    <ClInclude Include="DQML\iCCM\TopicQos\TopicQosFolder.h">
      <Filter>Header Files</Filter>
    </ClInclude>
    <ClInclude Include="DQML\iCCM\TopicQos\TopicQosReference.h">
      <Filter>Header Files</Filter>
    </ClInclude>
    <ClInclude Include="DQML\Impl_Factory.h">
      <Filter>Header Files</Filter>
    </ClInclude>
    <ClInclude Include="DQML\RootFolder.h">
      <Filter>Header Files</Filter>
    </ClInclude>
    <ClInclude Include="DQML\Standard\DDSEntities\DataReader.h">
      <Filter>Header Files</Filter>
    </ClInclude>
    <ClInclude Include="DQML\Standard\DDSEntities\DataWriter.h">
      <Filter>Header Files</Filter>
    </ClInclude>
    <ClInclude Include="DQML\Standard\DDSEntities\DomainEntity.h">
      <Filter>Header Files</Filter>
    </ClInclude>
    <ClInclude Include="DQML\Standard\DDSEntities\DomainParticipant.h">
      <Filter>Header Files</Filter>
    </ClInclude>
    <ClInclude Include="DQML\Standard\DDSEntities\DomainParticipantFactory.h">
      <Filter>Header Files</Filter>
    </ClInclude>
    <ClInclude Include="DQML\Standard\DDSEntities\Publisher.h">
      <Filter>Header Files</Filter>
    </ClInclude>
    <ClInclude Include="DQML\Standard\DDSEntities\Subscriber.h">
      <Filter>Header Files</Filter>
    </ClInclude>
    <ClInclude Include="DQML\Standard\DDSEntities\Topic.h">
      <Filter>Header Files</Filter>
    </ClInclude>
    <ClInclude Include="DQML\Standard\DeadlineQosPolicy\dr_deadline_Connection.h">
      <Filter>Header Files</Filter>
    </ClInclude>
    <ClInclude Include="DQML\Standard\DeadlineQosPolicy\dw_deadline_Connection.h">
      <Filter>Header Files</Filter>
    </ClInclude>
    <ClInclude Include="DQML\Standard\DeadlineQosPolicy\top_deadline_Connection.h">
      <Filter>Header Files</Filter>
    </ClInclude>
    <ClInclude Include="DQML\Standard\DestinationOrderQosPolicy\dr_dstOrder_Connection.h">
      <Filter>Header Files</Filter>
    </ClInclude>
    <ClInclude Include="DQML\Standard\DestinationOrderQosPolicy\dw_dstOrder_Connection.h">
      <Filter>Header Files</Filter>
    </ClInclude>
    <ClInclude Include="DQML\Standard\DestinationOrderQosPolicy\topic_dstOrder_Connection.h">
      <Filter>Header Files</Filter>
    </ClInclude>
    <ClInclude Include="DQML\Standard\DurabilityQosPolicy\dr_durqos_Connection.h">
      <Filter>Header Files</Filter>
    </ClInclude>
    <ClInclude Include="DQML\Standard\DurabilityQosPolicy\dw_durqos_Connection.h">
      <Filter>Header Files</Filter>
    </ClInclude>
    <ClInclude Include="DQML\Standard\DurabilityQosPolicy\topic_durqos_Connection.h">
      <Filter>Header Files</Filter>
    </ClInclude>
    <ClInclude Include="DQML\Standard\DurabilityServiceQosPolicy\dw_dursvc_Connection.h">
      <Filter>Header Files</Filter>
    </ClInclude>
    <ClInclude Include="DQML\Standard\DurabilityServiceQosPolicy\topic_dursvc_Connection.h">
      <Filter>Header Files</Filter>
    </ClInclude>
    <ClInclude Include="DQML\Standard\EntityFactoryQosPolicy\dp_entityfactory_Connection.h">
      <Filter>Header Files</Filter>
    </ClInclude>
    <ClInclude Include="DQML\Standard\EntityFactoryQosPolicy\dpfactory_entityfactory_Connection.h">
      <Filter>Header Files</Filter>
    </ClInclude>
    <ClInclude Include="DQML\Standard\EntityFactoryQosPolicy\pub_entityfactory_Connection.h">
      <Filter>Header Files</Filter>
    </ClInclude>
    <ClInclude Include="DQML\Standard\EntityFactoryQosPolicy\sub_entityfactory_Connection.h">
      <Filter>Header Files</Filter>
    </ClInclude>
    <ClInclude Include="DQML\Standard\GroupDataQosPolicy\pub_groupdata_Connection.h">
      <Filter>Header Files</Filter>
    </ClInclude>
    <ClInclude Include="DQML\Standard\GroupDataQosPolicy\sub_groupdata_Connection.h">
      <Filter>Header Files</Filter>
    </ClInclude>
    <ClInclude Include="DQML\Standard\HistoryQosPolicy\dr_history_Connection.h">
      <Filter>Header Files</Filter>
    </ClInclude>
    <ClInclude Include="DQML\Standard\HistoryQosPolicy\dw_history_Connection.h">
      <Filter>Header Files</Filter>
    </ClInclude>
    <ClInclude Include="DQML\Standard\HistoryQosPolicy\topic_history_Connection.h">
      <Filter>Header Files</Filter>
    </ClInclude>
    <ClInclude Include="DQML\Standard\LatencyBudgetQosPolicy\dr_latency_Connection.h">
      <Filter>Header Files</Filter>
    </ClInclude>
    <ClInclude Include="DQML\Standard\LatencyBudgetQosPolicy\dw_latency_Connection.h">
      <Filter>Header Files</Filter>
    </ClInclude>
    <ClInclude Include="DQML\Standard\LatencyBudgetQosPolicy\top_latency_Connection.h">
      <Filter>Header Files</Filter>
    </ClInclude>
    <ClInclude Include="DQML\Standard\LifespanQosPolicy\dw_lifespan_Connection.h">
      <Filter>Header Files</Filter>
    </ClInclude>
    <ClInclude Include="DQML\Standard\LifespanQosPolicy\topic_lifespan_Connection.h">
      <Filter>Header Files</Filter>
    </ClInclude>
    <ClInclude Include="DQML\Standard\LivelinessQosPolicy\dr_liveliness_Connection.h">
      <Filter>Header Files</Filter>
    </ClInclude>
    <ClInclude Include="DQML\Standard\LivelinessQosPolicy\dw_liveliness_Connection.h">
      <Filter>Header Files</Filter>
    </ClInclude>
    <ClInclude Include="DQML\Standard\LivelinessQosPolicy\topic_liveliness_Connection.h">
      <Filter>Header Files</Filter>
    </ClInclude>
    <ClInclude Include="DQML\Standard\Main\DDSQoS.h">
      <Filter>Header Files</Filter>
    </ClInclude>
    <ClInclude Include="DQML\Standard\Main\dp_pub_Connection.h">
      <Filter>Header Files</Filter>
    </ClInclude>
    <ClInclude Include="DQML\Standard\Main\dp_sub_Connection.h">
      <Filter>Header Files</Filter>
    </ClInclude>
    <ClInclude Include="DQML\Standard\Main\dp_topic_Connection.h">
      <Filter>Header Files</Filter>
    </ClInclude>
    <ClInclude Include="DQML\Standard\Main\dpf_dp_Connection.h">
      <Filter>Header Files</Filter>
    </ClInclude>
    <ClInclude Include="DQML\Standard\Main\dr_sub_Connection.h">
      <Filter>Header Files</Filter>
    </ClInclude>
    <ClInclude Include="DQML\Standard\Main\dr_topic_Connection.h">
      <Filter>Header Files</Filter>
    </ClInclude>
    <ClInclude Include="DQML\Standard\Main\dw_pub_Connection.h">
      <Filter>Header Files</Filter>
    </ClInclude>
    <ClInclude Include="DQML\Standard\Main\dw_topic_Connection.h">
      <Filter>Header Files</Filter>
    </ClInclude>
    <ClInclude Include="DQML\Standard\OwnershipQosPolicy\dr_ownership_Connection.h">
      <Filter>Header Files</Filter>
    </ClInclude>
    <ClInclude Include="DQML\Standard\OwnershipQosPolicy\dw_ownership_Connection.h">
      <Filter>Header Files</Filter>
    </ClInclude>
    <ClInclude Include="DQML\Standard\OwnershipQosPolicy\topic_ownership_Connection.h">
      <Filter>Header Files</Filter>
    </ClInclude>
    <ClInclude Include="DQML\Standard\OwnershipStrengthQosPolicy\dw_ownerstrength_Connection.h">
      <Filter>Header Files</Filter>
    </ClInclude>
    <ClInclude Include="DQML\Standard\PartitionQosPolicy\pub_part_Connection.h">
      <Filter>Header Files</Filter>
    </ClInclude>
    <ClInclude Include="DQML\Standard\PartitionQosPolicy\sub_part_Connection.h">
      <Filter>Header Files</Filter>
    </ClInclude>
    <ClInclude Include="DQML\Standard\PresentationQosPolicy\pub_presqos_Connection.h">
      <Filter>Header Files</Filter>
    </ClInclude>
    <ClInclude Include="DQML\Standard\PresentationQosPolicy\sub_presqos_Connection.h">
      <Filter>Header Files</Filter>
    </ClInclude>
    <ClInclude Include="DQML\Standard\QoSPolicies\DeadlineQosPolicy.h">
      <Filter>Header Files</Filter>
    </ClInclude>
    <ClInclude Include="DQML\Standard\QoSPolicies\DestinationOrderQosPolicy.h">
      <Filter>Header Files</Filter>
    </ClInclude>
    <ClInclude Include="DQML\Standard\QoSPolicies\DurabilityQosPolicy.h">
      <Filter>Header Files</Filter>
    </ClInclude>
    <ClInclude Include="DQML\Standard\QoSPolicies\DurabilityServiceQosPolicy.h">
      <Filter>Header Files</Filter>
    </ClInclude>
    <ClInclude Include="DQML\Standard\QoSPolicies\EntityFactoryQosPolicy.h">
      <Filter>Header Files</Filter>
    </ClInclude>
    <ClInclude Include="DQML\Standard\QoSPolicies\GroupDataQosPolicy.h">
      <Filter>Header Files</Filter>
    </ClInclude>
    <ClInclude Include="DQML\Standard\QoSPolicies\HistoryQosPolicy.h">
      <Filter>Header Files</Filter>
    </ClInclude>
    <ClInclude Include="DQML\Standard\QoSPolicies\LatencyBudgetQosPolicy.h">
      <Filter>Header Files</Filter>
    </ClInclude>
    <ClInclude Include="DQML\Standard\QoSPolicies\LifespanQosPolicy.h">
      <Filter>Header Files</Filter>
    </ClInclude>
    <ClInclude Include="DQML\Standard\QoSPolicies\LivelinessQosPolicy.h">
      <Filter>Header Files</Filter>
    </ClInclude>
    <ClInclude Include="DQML\Standard\QoSPolicies\OwnershipQosPolicy.h">
      <Filter>Header Files</Filter>
    </ClInclude>
    <ClInclude Include="DQML\Standard\QoSPolicies\OwnershipStrengthQosPolicy.h">
      <Filter>Header Files</Filter>
    </ClInclude>
    <ClInclude Include="DQML\Standard\QoSPolicies\PartitionQosPolicy.h">
      <Filter>Header Files</Filter>
    </ClInclude>
    <ClInclude Include="DQML\Standard\QoSPolicies\PresentationQosPolicy.h">
      <Filter>Header Files</Filter>
    </ClInclude>
    <ClInclude Include="DQML\Standard\QoSPolicies\QoSPolicy.h">
      <Filter>Header Files</Filter>
    </ClInclude>
    <ClInclude Include="DQML\Standard\QoSPolicies\ReaderDataLifecycleQosPolicy.h">
      <Filter>Header Files</Filter>
    </ClInclude>
    <ClInclude Include="DQML\Standard\QoSPolicies\ReaderLifespanQosPolicy.h">
      <Filter>Header Files</Filter>
    </ClInclude>
    <ClInclude Include="DQML\Standard\QoSPolicies\ReliabilityQosPolicy.h">
      <Filter>Header Files</Filter>
    </ClInclude>
    <ClInclude Include="DQML\Standard\QoSPolicies\ResourceLimitsQosPolicy.h">
      <Filter>Header Files</Filter>
    </ClInclude>
    <ClInclude Include="DQML\Standard\QoSPolicies\SchedulingClassQosPolicy.h">
      <Filter>Header Files</Filter>
    </ClInclude>
    <ClInclude Include="DQML\Standard\QoSPolicies\SchedulingPriorityQosPolicy.h">
      <Filter>Header Files</Filter>
    </ClInclude>
    <ClInclude Include="DQML\Standard\QoSPolicies\ShareQosPolicy.h">
      <Filter>Header Files</Filter>
    </ClInclude>
    <ClInclude Include="DQML\Standard\QoSPolicies\StringSeq.h">
      <Filter>Header Files</Filter>
    </ClInclude>
    <ClInclude Include="DQML\Standard\QoSPolicies\StringSeq_Item.h">
      <Filter>Header Files</Filter>
    </ClInclude>
    <ClInclude Include="DQML\Standard\QoSPolicies\SubscriptionKeyQosPolicy.h">
      <Filter>Header Files</Filter>
    </ClInclude>
    <ClInclude Include="DQML\Standard\QoSPolicies\TimeBasedFilterQosPolicy.h">
      <Filter>Header Files</Filter>
    </ClInclude>
    <ClInclude Include="DQML\Standard\QoSPolicies\TopicDataQosPolicy.h">
      <Filter>Header Files</Filter>
    </ClInclude>
    <ClInclude Include="DQML\Standard\QoSPolicies\TransportPriorityQosPolicy.h">
      <Filter>Header Files</Filter>
    </ClInclude>
    <ClInclude Include="DQML\Standard\QoSPolicies\UserDataQosPolicy.h">
      <Filter>Header Files</Filter>
    </ClInclude>
    <ClInclude Include="DQML\Standard\QoSPolicies\WriterDataLifecycleQosPolicy.h">
      <Filter>Header Files</Filter>
    </ClInclude>
    <ClInclude Include="DQML\Standard\ReaderDataLifecycleQosPolicy\dr_readerdatalifecycle_Connection.h">
      <Filter>Header Files</Filter>
    </ClInclude>
    <ClInclude Include="DQML\Standard\ReliabilityQosPolicy\dr_reliability_Connection.h">
      <Filter>Header Files</Filter>
    </ClInclude>
    <ClInclude Include="DQML\Standard\ReliabilityQosPolicy\dw_reliability_Connection.h">
      <Filter>Header Files</Filter>
    </ClInclude>
    <ClInclude Include="DQML\Standard\ReliabilityQosPolicy\topic_reliability_Connection.h">
      <Filter>Header Files</Filter>
    </ClInclude>
    <ClInclude Include="DQML\Standard\ResourceLimitsQosPolicy\dr_res_Connection.h">
      <Filter>Header Files</Filter>
    </ClInclude>
    <ClInclude Include="DQML\Standard\ResourceLimitsQosPolicy\dw_res_Connection.h">
      <Filter>Header Files</Filter>
    </ClInclude>
    <ClInclude Include="DQML\Standard\ResourceLimitsQosPolicy\topic_res_Connection.h">
      <Filter>Header Files</Filter>
    </ClInclude>
    <ClInclude Include="DQML\Standard\SchedulingQosPolicy\SchedulingQosPolicy.h">
      <Filter>Header Files</Filter>
    </ClInclude>
    <ClInclude Include="DQML\Standard\TimeBasedFilterQosPolicy\dr_timebased_Connection.h">
      <Filter>Header Files</Filter>
    </ClInclude>
    <ClInclude Include="DQML\Standard\TopicDataQosPolicy\topic_topicdata_Connection.h">
      <Filter>Header Files</Filter>
    </ClInclude>
    <ClInclude Include="DQML\Standard\TransportPriorityQosPolicy\dw_transpri_Connection.h">
      <Filter>Header Files</Filter>
    </ClInclude>
    <ClInclude Include="DQML\Standard\TransportPriorityQosPolicy\topic_transpri_Connection.h">
      <Filter>Header Files</Filter>
    </ClInclude>
    <ClInclude Include="DQML\Standard\UserDataQosPolicy\dp_userdata_Connection.h">
      <Filter>Header Files</Filter>
    </ClInclude>
    <ClInclude Include="DQML\Standard\UserDataQosPolicy\dr_userdata_Connection.h">
      <Filter>Header Files</Filter>
    </ClInclude>
    <ClInclude Include="DQML\Standard\UserDataQosPolicy\dw_userdata_Connection.h">
      <Filter>Header Files</Filter>
    </ClInclude>
    <ClInclude Include="DQML\Standard\WriterDataLifecycleQosPolicy\dw_writerdatalifecycle_Connection.h">
      <Filter>Header Files</Filter>
    </ClInclude>
    <ClInclude Include="DQML\Visitor.h">
      <Filter>Header Files</Filter>
    </ClInclude>
  </ItemGroup>
  <ItemGroup>
    <None Include="DQML_GAME_Mga.mpc">
      <Filter>Build Files</Filter>
    </None>
    <None Include="DQML_GAME_Mga.mwc">
      <Filter>Build Files</Filter>
    </None>
  </ItemGroup>
  <ItemGroup>
    <None Include="DQML\iCCM\DataReaderQos\DataReaderQos.inl">
      <Filter>Inline Files</Filter>
    </None>
    <None Include="DQML\iCCM\DataWriterQos\DataWriterQos.inl">
      <Filter>Inline Files</Filter>
    </None>
    <None Include="DQML\iCCM\DomainParticipantQos\ListenerSchedulingQosPolicy.inl">
      <Filter>Inline Files</Filter>
    </None>
    <None Include="DQML\iCCM\DomainParticipantQos\Participant.inl">
      <Filter>Inline Files</Filter>
    </None>
    <None Include="DQML\iCCM\DomainParticipantQos\WatchdogSchedulingQosPolicy.inl">
      <Filter>Inline Files</Filter>
    </None>
    <None Include="DQML\iCCM\DomainQos\Domain.inl">
      <Filter>Inline Files</Filter>
    </None>
    <None Include="DQML\iCCM\DomainQos\DomainQosFolder.inl">
      <Filter>Inline Files</Filter>
    </None>
    <None Include="DQML\iCCM\DomainQos\PublisherConnection.inl">
      <Filter>Inline Files</Filter>
    </None>
    <None Include="DQML\iCCM\DomainQos\PublishesConnection.inl">
      <Filter>Inline Files</Filter>
    </None>
    <None Include="DQML\iCCM\DomainQos\SubscriberConnection.inl">
      <Filter>Inline Files</Filter>
    </None>
    <None Include="DQML\iCCM\iCCM\iCCM.inl">
      <Filter>Inline Files</Filter>
    </None>
    <None Include="DQML\iCCM\PublisherSubscriberQos\PublisherQos.inl">
      <Filter>Inline Files</Filter>
    </None>
    <None Include="DQML\iCCM\PublisherSubscriberQos\SubscriberQos.inl">
      <Filter>Inline Files</Filter>
    </None>
    <None Include="DQML\iCCM\TopicQos\TopicQos.inl">
      <Filter>Inline Files</Filter>
    </None>
    <None Include="DQML\iCCM\TopicQos\TopicQosFolder.inl">
      <Filter>Inline Files</Filter>
    </None>
    <None Include="DQML\iCCM\TopicQos\TopicQosReference.inl">
      <Filter>Inline Files</Filter>
    </None>
    <None Include="DQML\Standard\DDSEntities\DataReader.inl">
      <Filter>Inline Files</Filter>
    </None>
    <None Include="DQML\Standard\DDSEntities\DataWriter.inl">
      <Filter>Inline Files</Filter>
    </None>
    <None Include="DQML\Standard\DDSEntities\DomainEntity.inl">
      <Filter>Inline Files</Filter>
    </None>
    <None Include="DQML\Standard\DDSEntities\DomainParticipant.inl">
      <Filter>Inline Files</Filter>
    </None>
    <None Include="DQML\Standard\DDSEntities\DomainParticipantFactory.inl">
      <Filter>Inline Files</Filter>
    </None>
    <None Include="DQML\Standard\DDSEntities\Publisher.inl">
      <Filter>Inline Files</Filter>
    </None>
    <None Include="DQML\Standard\DDSEntities\Subscriber.inl">
      <Filter>Inline Files</Filter>
    </None>
    <None Include="DQML\Standard\DDSEntities\Topic.inl">
      <Filter>Inline Files</Filter>
    </None>
    <None Include="DQML\Standard\DeadlineQosPolicy\dr_deadline_Connection.inl">
      <Filter>Inline Files</Filter>
    </None>
    <None Include="DQML\Standard\DeadlineQosPolicy\dw_deadline_Connection.inl">
      <Filter>Inline Files</Filter>
    </None>
    <None Include="DQML\Standard\DeadlineQosPolicy\top_deadline_Connection.inl">
      <Filter>Inline Files</Filter>
    </None>
    <None Include="DQML\Standard\DestinationOrderQosPolicy\dr_dstOrder_Connection.inl">
      <Filter>Inline Files</Filter>
    </None>
    <None Include="DQML\Standard\DestinationOrderQosPolicy\dw_dstOrder_Connection.inl">
      <Filter>Inline Files</Filter>
    </None>
    <None Include="DQML\Standard\DestinationOrderQosPolicy\topic_dstOrder_Connection.inl">
      <Filter>Inline Files</Filter>
    </None>
    <None Include="DQML\Standard\DurabilityQosPolicy\dr_durqos_Connection.inl">
      <Filter>Inline Files</Filter>
    </None>
    <None Include="DQML\Standard\DurabilityQosPolicy\dw_durqos_Connection.inl">
      <Filter>Inline Files</Filter>
    </None>
    <None Include="DQML\Standard\DurabilityQosPolicy\topic_durqos_Connection.inl">
      <Filter>Inline Files</Filter>
    </None>
    <None Include="DQML\Standard\DurabilityServiceQosPolicy\dw_dursvc_Connection.inl">
      <Filter>Inline Files</Filter>
    </None>
    <None Include="DQML\Standard\DurabilityServiceQosPolicy\topic_dursvc_Connection.inl">
      <Filter>Inline Files</Filter>
    </None>
    <None Include="DQML\Standard\EntityFactoryQosPolicy\dp_entityfactory_Connection.inl">
      <Filter>Inline Files</Filter>
    </None>
    <None Include="DQML\Standard\EntityFactoryQosPolicy\dpfactory_entityfactory_Connection.inl">
      <Filter>Inline Files</Filter>
    </None>
    <None Include="DQML\Standard\EntityFactoryQosPolicy\pub_entityfactory_Connection.inl">
      <Filter>Inline Files</Filter>
    </None>
    <None Include="DQML\Standard\EntityFactoryQosPolicy\sub_entityfactory_Connection.inl">
      <Filter>Inline Files</Filter>
    </None>
    <None Include="DQML\Standard\GroupDataQosPolicy\pub_groupdata_Connection.inl">
      <Filter>Inline Files</Filter>
    </None>
    <None Include="DQML\Standard\GroupDataQosPolicy\sub_groupdata_Connection.inl">
      <Filter>Inline Files</Filter>
    </None>
    <None Include="DQML\Standard\HistoryQosPolicy\dr_history_Connection.inl">
      <Filter>Inline Files</Filter>
    </None>
    <None Include="DQML\Standard\HistoryQosPolicy\dw_history_Connection.inl">
      <Filter>Inline Files</Filter>
    </None>
    <None Include="DQML\Standard\HistoryQosPolicy\topic_history_Connection.inl">
      <Filter>Inline Files</Filter>
    </None>
    <None Include="DQML\Standard\LatencyBudgetQosPolicy\dr_latency_Connection.inl">
      <Filter>Inline Files</Filter>
    </None>
    <None Include="DQML\Standard\LatencyBudgetQosPolicy\dw_latency_Connection.inl">
      <Filter>Inline Files</Filter>
    </None>
    <None Include="DQML\Standard\LatencyBudgetQosPolicy\top_latency_Connection.inl">
      <Filter>Inline Files</Filter>
    </None>
    <None Include="DQML\Standard\LifespanQosPolicy\dw_lifespan_Connection.inl">
      <Filter>Inline Files</Filter>
    </None>
    <None Include="DQML\Standard\LifespanQosPolicy\topic_lifespan_Connection.inl">
      <Filter>Inline Files</Filter>
    </None>
    <None Include="DQML\Standard\LivelinessQosPolicy\dr_liveliness_Connection.inl">
      <Filter>Inline Files</Filter>
    </None>
    <None Include="DQML\Standard\LivelinessQosPolicy\dw_liveliness_Connection.inl">
      <Filter>Inline Files</Filter>
    </None>
    <None Include="DQML\Standard\LivelinessQosPolicy\topic_liveliness_Connection.inl">
      <Filter>Inline Files</Filter>
    </None>
    <None Include="DQML\Standard\Main\DDSQoS.inl">
      <Filter>Inline Files</Filter>
    </None>
    <None Include="DQML\Standard\Main\dp_pub_Connection.inl">
      <Filter>Inline Files</Filter>
    </None>
    <None Include="DQML\Standard\Main\dp_sub_Connection.inl">
      <Filter>Inline Files</Filter>
    </None>
    <None Include="DQML\Standard\Main\dp_topic_Connection.inl">
      <Filter>Inline Files</Filter>
    </None>
    <None Include="DQML\Standard\Main\dpf_dp_Connection.inl">
      <Filter>Inline Files</Filter>
    </None>
    <None Include="DQML\Standard\Main\dr_sub_Connection.inl">
      <Filter>Inline Files</Filter>
    </None>
    <None Include="DQML\Standard\Main\dr_topic_Connection.inl">
      <Filter>Inline Files</Filter>
    </None>
    <None Include="DQML\Standard\Main\dw_pub_Connection.inl">
      <Filter>Inline Files</Filter>
    </None>
    <None Include="DQML\Standard\Main\dw_topic_Connection.inl">
      <Filter>Inline Files</Filter>
    </None>
    <None Include="DQML\Standard\OwnershipQosPolicy\dr_ownership_Connection.inl">
      <Filter>Inline Files</Filter>
    </None>
    <None Include="DQML\Standard\OwnershipQosPolicy\dw_ownership_Connection.inl">
      <Filter>Inline Files</Filter>
    </None>
    <None Include="DQML\Standard\OwnershipQosPolicy\topic_ownership_Connection.inl">
      <Filter>Inline Files</Filter>
    </None>
    <None Include="DQML\Standard\OwnershipStrengthQosPolicy\dw_ownerstrength_Connection.inl">
      <Filter>Inline Files</Filter>
    </None>
    <None Include="DQML\Standard\PartitionQosPolicy\pub_part_Connection.inl">
      <Filter>Inline Files</Filter>
    </None>
    <None Include="DQML\Standard\PartitionQosPolicy\sub_part_Connection.inl">
      <Filter>Inline Files</Filter>
    </None>
    <None Include="DQML\Standard\PresentationQosPolicy\pub_presqos_Connection.inl">
      <Filter>Inline Files</Filter>
    </None>
    <None Include="DQML\Standard\PresentationQosPolicy\sub_presqos_Connection.inl">
      <Filter>Inline Files</Filter>
    </None>
    <None Include="DQML\Standard\QoSPolicies\DeadlineQosPolicy.inl">
      <Filter>Inline Files</Filter>
    </None>
    <None Include="DQML\Standard\QoSPolicies\DestinationOrderQosPolicy.inl">
      <Filter>Inline Files</Filter>
    </None>
    <None Include="DQML\Standard\QoSPolicies\DurabilityQosPolicy.inl">
      <Filter>Inline Files</Filter>
    </None>
    <None Include="DQML\Standard\QoSPolicies\DurabilityServiceQosPolicy.inl">
      <Filter>Inline Files</Filter>
    </None>
    <None Include="DQML\Standard\QoSPolicies\EntityFactoryQosPolicy.inl">
      <Filter>Inline Files</Filter>
    </None>
    <None Include="DQML\Standard\QoSPolicies\GroupDataQosPolicy.inl">
      <Filter>Inline Files</Filter>
    </None>
    <None Include="DQML\Standard\QoSPolicies\HistoryQosPolicy.inl">
      <Filter>Inline Files</Filter>
    </None>
    <None Include="DQML\Standard\QoSPolicies\LatencyBudgetQosPolicy.inl">
      <Filter>Inline Files</Filter>
    </None>
    <None Include="DQML\Standard\QoSPolicies\LifespanQosPolicy.inl">
      <Filter>Inline Files</Filter>
    </None>
    <None Include="DQML\Standard\QoSPolicies\LivelinessQosPolicy.inl">
      <Filter>Inline Files</Filter>
    </None>
    <None Include="DQML\Standard\QoSPolicies\OwnershipQosPolicy.inl">
      <Filter>Inline Files</Filter>
    </None>
    <None Include="DQML\Standard\QoSPolicies\OwnershipStrengthQosPolicy.inl">
      <Filter>Inline Files</Filter>
    </None>
    <None Include="DQML\Standard\QoSPolicies\PartitionQosPolicy.inl">
      <Filter>Inline Files</Filter>
    </None>
    <None Include="DQML\Standard\QoSPolicies\PresentationQosPolicy.inl">
      <Filter>Inline Files</Filter>
    </None>
    <None Include="DQML\Standard\QoSPolicies\QoSPolicy.inl">
      <Filter>Inline Files</Filter>
    </None>
    <None Include="DQML\Standard\QoSPolicies\ReaderDataLifecycleQosPolicy.inl">
      <Filter>Inline Files</Filter>
    </None>
    <None Include="DQML\Standard\QoSPolicies\ReaderLifespanQosPolicy.inl">
      <Filter>Inline Files</Filter>
    </None>
    <None Include="DQML\Standard\QoSPolicies\ReliabilityQosPolicy.inl">
      <Filter>Inline Files</Filter>
    </None>
    <None Include="DQML\Standard\QoSPolicies\ResourceLimitsQosPolicy.inl">
      <Filter>Inline Files</Filter>
    </None>
    <None Include="DQML\Standard\QoSPolicies\SchedulingClassQosPolicy.inl">
      <Filter>Inline Files</Filter>
    </None>
    <None Include="DQML\Standard\QoSPolicies\SchedulingPriorityQosPolicy.inl">
      <Filter>Inline Files</Filter>
    </None>
    <None Include="DQML\Standard\QoSPolicies\ShareQosPolicy.inl">
      <Filter>Inline Files</Filter>
    </None>
    <None Include="DQML\Standard\QoSPolicies\StringSeq.inl">
      <Filter>Inline Files</Filter>
    </None>
    <None Include="DQML\Standard\QoSPolicies\StringSeq_Item.inl">
      <Filter>Inline Files</Filter>
    </None>
    <None Include="DQML\Standard\QoSPolicies\SubscriptionKeyQosPolicy.inl">
      <Filter>Inline Files</Filter>
    </None>
    <None Include="DQML\Standard\QoSPolicies\TimeBasedFilterQosPolicy.inl">
      <Filter>Inline Files</Filter>
    </None>
    <None Include="DQML\Standard\QoSPolicies\TopicDataQosPolicy.inl">
      <Filter>Inline Files</Filter>
    </None>
    <None Include="DQML\Standard\QoSPolicies\TransportPriorityQosPolicy.inl">
      <Filter>Inline Files</Filter>
    </None>
    <None Include="DQML\Standard\QoSPolicies\UserDataQosPolicy.inl">
      <Filter>Inline Files</Filter>
    </None>
    <None Include="DQML\Standard\QoSPolicies\WriterDataLifecycleQosPolicy.inl">
      <Filter>Inline Files</Filter>
    </None>
    <None Include="DQML\Standard\ReaderDataLifecycleQosPolicy\dr_readerdatalifecycle_Connection.inl">
      <Filter>Inline Files</Filter>
    </None>
    <None Include="DQML\Standard\ReliabilityQosPolicy\dr_reliability_Connection.inl">
      <Filter>Inline Files</Filter>
    </None>
    <None Include="DQML\Standard\ReliabilityQosPolicy\dw_reliability_Connection.inl">
      <Filter>Inline Files</Filter>
    </None>
    <None Include="DQML\Standard\ReliabilityQosPolicy\topic_reliability_Connection.inl">
      <Filter>Inline Files</Filter>
    </None>
    <None Include="DQML\Standard\ResourceLimitsQosPolicy\dr_res_Connection.inl">
      <Filter>Inline Files</Filter>
    </None>
    <None Include="DQML\Standard\ResourceLimitsQosPolicy\dw_res_Connection.inl">
      <Filter>Inline Files</Filter>
    </None>
    <None Include="DQML\Standard\ResourceLimitsQosPolicy\topic_res_Connection.inl">
      <Filter>Inline Files</Filter>
    </None>
    <None Include="DQML\Standard\SchedulingQosPolicy\SchedulingQosPolicy.inl">
      <Filter>Inline Files</Filter>
    </None>
    <None Include="DQML\Standard\TimeBasedFilterQosPolicy\dr_timebased_Connection.inl">
      <Filter>Inline Files</Filter>
    </None>
    <None Include="DQML\Standard\TopicDataQosPolicy\topic_topicdata_Connection.inl">
      <Filter>Inline Files</Filter>
    </None>
    <None Include="DQML\Standard\TransportPriorityQosPolicy\dw_transpri_Connection.inl">
      <Filter>Inline Files</Filter>
    </None>
    <None Include="DQML\Standard\TransportPriorityQosPolicy\topic_transpri_Connection.inl">
      <Filter>Inline Files</Filter>
    </None>
    <None Include="DQML\Standard\UserDataQosPolicy\dp_userdata_Connection.inl">
      <Filter>Inline Files</Filter>
    </None>
    <None Include="DQML\Standard\UserDataQosPolicy\dr_userdata_Connection.inl">
      <Filter>Inline Files</Filter>
    </None>
    <None Include="DQML\Standard\UserDataQosPolicy\dw_userdata_Connection.inl">
      <Filter>Inline Files</Filter>
    </None>
    <None Include="DQML\Standard\WriterDataLifecycleQosPolicy\dw_writerdatalifecycle_Connection.inl">
      <Filter>Inline Files</Filter>
    </None>
  </ItemGroup>
  <ItemGroup>
    <CustomBuild Include="DQML_GAME_Mga.html">
      <Filter>Documentation</Filter>
    </CustomBuild>
  </ItemGroup>
</Project>
