<?xml version="1.0" encoding="utf-8"?>
<Project ToolsVersion="4.0" xmlns="http://schemas.microsoft.com/developer/msbuild/2003">
  <ItemGroup>
    <Filter Include="Source Files">
      <UniqueIdentifier>{B1F27843-FECA-1BAD-3649-011BEF9221B0}</UniqueIdentifier>
      <Extensions>cpp;cxx;cc;c;C</Extensions>
    </Filter>
    <Filter Include="Header Files">
      <UniqueIdentifier>{06319535-FECA-1BAD-3649-011BEF9221B0}</UniqueIdentifier>
      <Extensions>h;hpp;hxx;hh</Extensions>
    </Filter>
    <Filter Include="Build Files">
      <UniqueIdentifier>{A1909F1C-FECA-1BAD-3649-011BEF9221B0}</UniqueIdentifier>
      <Extensions>mpc;mpb;mwc</Extensions>
    </Filter>
    <Filter Include="Inline Files">
      <UniqueIdentifier>{763028EF-FECA-1BAD-3649-011BEF9221B0}</UniqueIdentifier>
      <Extensions>i;ipp;inl</Extensions>
    </Filter>
    <Filter Include="Resource Files">
      <UniqueIdentifier>{502A2050-FECA-1BAD-3649-011BEF9221B0}</UniqueIdentifier>
      <Extensions>rc;ico;cur;bmp;dlg;rc2;rct;bin;cnt;rtf;gif;jpg;jpeg;jpe</Extensions>
    </Filter>
  </ItemGroup>
  <ItemGroup>
    <ClCompile Include="Action_Handler.cpp">
      <Filter>Source Files</Filter>
    </ClCompile>
    <ClCompile Include="Action_Type_Handler.cpp">
      <Filter>Source Files</Filter>
    </ClCompile>
    <Midl Include="CBMLManager.idl">
      <Filter>Source Files</Filter>
    </Midl>
    <ClCompile Include="CBMLManager_Impl.cpp">
      <Filter>Source Files</Filter>
    </ClCompile>
    <ClCompile Include="CBMLManager_Module.cpp">
      <Filter>Source Files</Filter>
    </ClCompile>
    <ClCompile Include="Connection_Generation_Handler.cpp">
      <Filter>Source Files</Filter>
    </ClCompile>
    <ClCompile Include="MultiInput_Handler.cpp">
      <Filter>Source Files</Filter>
    </ClCompile>
    <ClCompile Include="Output_Action_Handler.cpp">
      <Filter>Source Files</Filter>
    </ClCompile>
  </ItemGroup>
  <ItemGroup>
    <ClInclude Include="Action_Handler.h">
      <Filter>Header Files</Filter>
    </ClInclude>
    <ClInclude Include="Action_Type_Handler.h">
      <Filter>Header Files</Filter>
    </ClInclude>
    <ClInclude Include="CBMLManager.h">
      <Filter>Header Files</Filter>
    </ClInclude>
    <ClInclude Include="CBMLManager_Impl.h">
      <Filter>Header Files</Filter>
    </ClInclude>
    <ClInclude Include="Connection_Generation_Handler.h">
      <Filter>Header Files</Filter>
    </ClInclude>
    <ClInclude Include="MultiInput_Handler.h">
      <Filter>Header Files</Filter>
    </ClInclude>
    <ClInclude Include="Output_Action_Handler.h">
      <Filter>Header Files</Filter>
    </ClInclude>
  </ItemGroup>
  <ItemGroup>
    <None Include="CBMLManager.mpc">
      <Filter>Build Files</Filter>
    </None>
  </ItemGroup>
  <ItemGroup>
    <None Include="CBMLManager_Impl.inl">
      <Filter>Inline Files</Filter>
    </None>
    <None Include="MultiInput_Handler.inl">
      <Filter>Inline Files</Filter>
    </None>
  </ItemGroup>
  <ItemGroup>
    <ResourceCompile Include="Component.rc">
      <Filter>Resource Files</Filter>
    </ResourceCompile>
  </ItemGroup>
</Project>
