<?xml version="1.0" encoding="utf-8"?>
<Project ToolsVersion="4.0" xmlns="http://schemas.microsoft.com/developer/msbuild/2003">
  <ItemGroup>
    <Filter Include="Paradigm Files">
      <UniqueIdentifier>{1FF6BD0C-FECA-1BAD-249B-F3F839BF42CE}</UniqueIdentifier>
      <Extensions>xmp</Extensions>
    </Filter>
  </ItemGroup>
  <ItemGroup>
    <CustomBuild Include="..\..\..\..\PIM\PICML\paradigms\PICML.xmp">
      <Filter>Paradigm Files</Filter>
    </CustomBuild>
  </ItemGroup>
</Project>
