<?xml version="1.0" encoding="utf-8"?>
<Project ToolsVersion="4.0" xmlns="http://schemas.microsoft.com/developer/msbuild/2003">
  <ItemGroup>
    <Filter Include="Source Files">
      <UniqueIdentifier>{B1F27843-FECA-1BAD-8CC8-6B3A0ACCDEF3}</UniqueIdentifier>
      <Extensions>cpp;cxx;cc;c;C</Extensions>
    </Filter>
    <Filter Include="Header Files">
      <UniqueIdentifier>{06319535-FECA-1BAD-8CC8-6B3A0ACCDEF3}</UniqueIdentifier>
      <Extensions>h;hpp;hxx;hh</Extensions>
    </Filter>
    <Filter Include="Build Files">
      <UniqueIdentifier>{A1909F1C-FECA-1BAD-8CC8-6B3A0ACCDEF3}</UniqueIdentifier>
      <Extensions>mpc;mpb;mwc</Extensions>
    </Filter>
    <Filter Include="Inline Files">
      <UniqueIdentifier>{763028EF-FECA-1BAD-8CC8-6B3A0ACCDEF3}</UniqueIdentifier>
      <Extensions>i;ipp;inl</Extensions>
    </Filter>
    <Filter Include="Documentation">
      <UniqueIdentifier>{B14BBA74-FECA-1BAD-8CC8-6B3A0ACCDEF3}</UniqueIdentifier>
    </Filter>
    <Filter Include="Resource Files">
      <UniqueIdentifier>{502A2050-FECA-1BAD-8CC8-6B3A0ACCDEF3}</UniqueIdentifier>
      <Extensions>rc;ico;cur;bmp;dlg;rc2;rct;bin;cnt;rtf;gif;jpg;jpeg;jpe</Extensions>
    </Filter>
  </ItemGroup>
  <ItemGroup>
    <Midl Include="Deployment_Plan_Generator.idl">
      <Filter>Source Files</Filter>
    </Midl>
    <ClCompile Include="Deployment_Plan_Generator_Impl.cpp">
      <Filter>Source Files</Filter>
    </ClCompile>
    <ClCompile Include="Deployment_Plan_Generator_Module.cpp">
      <Filter>Source Files</Filter>
    </ClCompile>
    <ClCompile Include="DeploymentPlan_MainDialog.cpp">
      <Filter>Source Files</Filter>
    </ClCompile>
  </ItemGroup>
  <ItemGroup>
    <ClInclude Include="Deployment_Plan_Generator.h">
      <Filter>Header Files</Filter>
    </ClInclude>
    <ClInclude Include="Deployment_Plan_Generator_Impl.h">
      <Filter>Header Files</Filter>
    </ClInclude>
    <ClInclude Include="DeploymentPlan_MainDialog.h">
      <Filter>Header Files</Filter>
    </ClInclude>
  </ItemGroup>
  <ItemGroup>
    <None Include="DeploymentPlanComponent.mpc">
      <Filter>Build Files</Filter>
    </None>
  </ItemGroup>
  <ItemGroup>
    <None Include="Data_Type_Visitor.inl">
      <Filter>Inline Files</Filter>
    </None>
    <None Include="Data_Value_Visitor.inl">
      <Filter>Inline Files</Filter>
    </None>
    <None Include="External_Reference_Visitor.inl">
      <Filter>Inline Files</Filter>
    </None>
    <None Include="XML_Document.inl">
      <Filter>Inline Files</Filter>
    </None>
  </ItemGroup>
  <ItemGroup>
    <CustomBuild Include="PICML_DeploymentPlan.html">
      <Filter>Documentation</Filter>
    </CustomBuild>
    <CustomBuild Include="PICML_DeploymentPlanComponent.html">
      <Filter>Documentation</Filter>
    </CustomBuild>
  </ItemGroup>
  <ItemGroup>
    <ResourceCompile Include="CompIcon.ico">
      <Filter>Resource Files</Filter>
    </ResourceCompile>
    <ResourceCompile Include="Component.rc">
      <Filter>Resource Files</Filter>
    </ResourceCompile>
  </ItemGroup>
</Project>
