<?xml version="1.0" encoding="utf-8"?>
<Project ToolsVersion="4.0" xmlns="http://schemas.microsoft.com/developer/msbuild/2003">
  <ItemGroup>
    <Filter Include="Source Files">
      <UniqueIdentifier>{B1F27843-FECA-1BAD-8CC8-6B3A0ACCDEF3}</UniqueIdentifier>
      <Extensions>cpp;cxx;cc;c;C</Extensions>
    </Filter>
    <Filter Include="Header Files">
      <UniqueIdentifier>{06319535-FECA-1BAD-8CC8-6B3A0ACCDEF3}</UniqueIdentifier>
      <Extensions>h;hpp;hxx;hh</Extensions>
    </Filter>
    <Filter Include="Build Files">
      <UniqueIdentifier>{A1909F1C-FECA-1BAD-8CC8-6B3A0ACCDEF3}</UniqueIdentifier>
      <Extensions>mpc;mpb;mwc</Extensions>
    </Filter>
    <Filter Include="Inline Files">
      <UniqueIdentifier>{763028EF-FECA-1BAD-8CC8-6B3A0ACCDEF3}</UniqueIdentifier>
      <Extensions>i;ipp;inl</Extensions>
    </Filter>
    <Filter Include="Documentation">
      <UniqueIdentifier>{B14BBA74-FECA-1BAD-8CC8-6B3A0ACCDEF3}</UniqueIdentifier>
    </Filter>
  </ItemGroup>
  <ItemGroup>
    <ClCompile Include="Configuration.cpp">
      <Filter>Source Files</Filter>
    </ClCompile>
    <ClCompile Include="Connection_Visitor.cpp">
      <Filter>Source Files</Filter>
    </ClCompile>
    <ClCompile Include="Connector_Visitor.cpp">
      <Filter>Source Files</Filter>
    </ClCompile>
    <ClCompile Include="Data_Type_Dispatcher.cpp">
      <Filter>Source Files</Filter>
    </ClCompile>
    <ClCompile Include="Data_Type_Visitor.cpp">
      <Filter>Source Files</Filter>
    </ClCompile>
    <ClCompile Include="Data_Value_Visitor.cpp">
      <Filter>Source Files</Filter>
    </ClCompile>
    <ClCompile Include="Deployment_Domain_Visitor.cpp">
      <Filter>Source Files</Filter>
    </ClCompile>
    <ClCompile Include="DeploymentPlanVisitor.cpp">
      <Filter>Source Files</Filter>
    </ClCompile>
    <ClCompile Include="External_Reference_Visitor.cpp">
      <Filter>Source Files</Filter>
    </ClCompile>
    <ClCompile Include="Locality_Manager.cpp">
      <Filter>Source Files</Filter>
    </ClCompile>
    <ClCompile Include="XML_Document.cpp">
      <Filter>Source Files</Filter>
    </ClCompile>
  </ItemGroup>
  <ItemGroup>
    <ClInclude Include="Configuration.h">
      <Filter>Header Files</Filter>
    </ClInclude>
    <ClInclude Include="Connection_Visitor.h">
      <Filter>Header Files</Filter>
    </ClInclude>
    <ClInclude Include="Connector_Visitor.h">
      <Filter>Header Files</Filter>
    </ClInclude>
    <ClInclude Include="Data_Type_Dispatcher.h">
      <Filter>Header Files</Filter>
    </ClInclude>
    <ClInclude Include="Data_Type_Visitor.h">
      <Filter>Header Files</Filter>
    </ClInclude>
    <ClInclude Include="Data_Value_Visitor.h">
      <Filter>Header Files</Filter>
    </ClInclude>
    <ClInclude Include="Deployment_Domain_Visitor.h">
      <Filter>Header Files</Filter>
    </ClInclude>
    <ClInclude Include="DeploymentPlan_Export.h">
      <Filter>Header Files</Filter>
    </ClInclude>
    <ClInclude Include="DeploymentPlanVisitor.h">
      <Filter>Header Files</Filter>
    </ClInclude>
    <ClInclude Include="External_Reference_Visitor.h">
      <Filter>Header Files</Filter>
    </ClInclude>
    <ClInclude Include="Locality_Manager.h">
      <Filter>Header Files</Filter>
    </ClInclude>
    <ClInclude Include="XML_Document.h">
      <Filter>Header Files</Filter>
    </ClInclude>
  </ItemGroup>
  <ItemGroup>
    <None Include="DeploymentPlanComponent.mpc">
      <Filter>Build Files</Filter>
    </None>
  </ItemGroup>
  <ItemGroup>
    <None Include="Data_Type_Visitor.inl">
      <Filter>Inline Files</Filter>
    </None>
    <None Include="Data_Value_Visitor.inl">
      <Filter>Inline Files</Filter>
    </None>
    <None Include="External_Reference_Visitor.inl">
      <Filter>Inline Files</Filter>
    </None>
    <None Include="XML_Document.inl">
      <Filter>Inline Files</Filter>
    </None>
  </ItemGroup>
  <ItemGroup>
    <CustomBuild Include="PICML_DeploymentPlan.html">
      <Filter>Documentation</Filter>
    </CustomBuild>
    <CustomBuild Include="PICML_DeploymentPlanComponent.html">
      <Filter>Documentation</Filter>
    </CustomBuild>
  </ItemGroup>
</Project>
