<?xml version="1.0" encoding="utf-8"?>
<Project ToolsVersion="4.0" xmlns="http://schemas.microsoft.com/developer/msbuild/2003">
  <ItemGroup>
    <Filter Include="Source Files">
      <UniqueIdentifier>{B1F27843-FECA-1BAD-B201-B2431BBE0B56}</UniqueIdentifier>
      <Extensions>cpp;cxx;cc;c;C</Extensions>
    </Filter>
    <Filter Include="Header Files">
      <UniqueIdentifier>{06319535-FECA-1BAD-B201-B2431BBE0B56}</UniqueIdentifier>
      <Extensions>h;hpp;hxx;hh</Extensions>
    </Filter>
    <Filter Include="Build Files">
      <UniqueIdentifier>{A1909F1C-FECA-1BAD-B201-B2431BBE0B56}</UniqueIdentifier>
      <Extensions>mpc;mpb;mwc</Extensions>
    </Filter>
    <Filter Include="Inline Files">
      <UniqueIdentifier>{763028EF-FECA-1BAD-B201-B2431BBE0B56}</UniqueIdentifier>
      <Extensions>i;ipp;inl</Extensions>
    </Filter>
    <Filter Include="Documentation">
      <UniqueIdentifier>{B14BBA74-FECA-1BAD-B201-B2431BBE0B56}</UniqueIdentifier>
    </Filter>
    <Filter Include="Resource Files">
      <UniqueIdentifier>{502A2050-FECA-1BAD-B201-B2431BBE0B56}</UniqueIdentifier>
      <Extensions>rc;ico;cur;bmp;dlg;rc2;rct;bin;cnt;rtf;gif;jpg;jpeg;jpe</Extensions>
    </Filter>
  </ItemGroup>
  <ItemGroup>
    <ClCompile Include="File_Processor.cpp">
      <Filter>Source Files</Filter>
    </ClCompile>
    <ClCompile Include="Find_Forward_Decls.cpp">
      <Filter>Source Files</Filter>
    </ClCompile>
    <ClCompile Include="IDL_Cycle_Detector.cpp">
      <Filter>Source Files</Filter>
    </ClCompile>
    <ClCompile Include="IDL_File_Dependency_Processor.cpp">
      <Filter>Source Files</Filter>
    </ClCompile>
    <ClCompile Include="IDL_File_Generator.cpp">
      <Filter>Source Files</Filter>
    </ClCompile>
    <ClCompile Include="IDL_File_Ordering_Processor.cpp">
      <Filter>Source Files</Filter>
    </ClCompile>
    <Midl Include="IDL_Generator_Component.idl">
      <Filter>Source Files</Filter>
    </Midl>
    <ClCompile Include="IDL_Generator_Component_Impl.cpp">
      <Filter>Source Files</Filter>
    </ClCompile>
    <ClCompile Include="IDL_Generator_Component_Module.cpp">
      <Filter>Source Files</Filter>
    </ClCompile>
    <ClCompile Include="IDL_Generator_File.cpp">
      <Filter>Source Files</Filter>
    </ClCompile>
    <ClCompile Include="IDL_Generator_Visitor.cpp">
      <Filter>Source Files</Filter>
    </ClCompile>
    <ClCompile Include="IDLStream.cpp">
      <Filter>Source Files</Filter>
    </ClCompile>
  </ItemGroup>
  <ItemGroup>
    <ClInclude Include="File_Processor.h">
      <Filter>Header Files</Filter>
    </ClInclude>
    <ClInclude Include="Find_Forward_Decls.h">
      <Filter>Header Files</Filter>
    </ClInclude>
    <ClInclude Include="IDL_Cycle_Detector.h">
      <Filter>Header Files</Filter>
    </ClInclude>
    <ClInclude Include="IDL_File_Dependency_Processor.h">
      <Filter>Header Files</Filter>
    </ClInclude>
    <ClInclude Include="IDL_File_Generator.h">
      <Filter>Header Files</Filter>
    </ClInclude>
    <ClInclude Include="IDL_File_Ordering_Processor.h">
      <Filter>Header Files</Filter>
    </ClInclude>
    <ClInclude Include="IDL_Generator_Component.h">
      <Filter>Header Files</Filter>
    </ClInclude>
    <ClInclude Include="IDL_Generator_Component_Impl.h">
      <Filter>Header Files</Filter>
    </ClInclude>
    <ClInclude Include="IDL_Generator_File.h">
      <Filter>Header Files</Filter>
    </ClInclude>
    <ClInclude Include="IDL_Generator_Visitor.h">
      <Filter>Header Files</Filter>
    </ClInclude>
    <ClInclude Include="IDLStream.h">
      <Filter>Header Files</Filter>
    </ClInclude>
  </ItemGroup>
  <ItemGroup>
    <None Include="IDLGenerator.mpc">
      <Filter>Build Files</Filter>
    </None>
  </ItemGroup>
  <ItemGroup>
    <None Include="IDL_Cycle_Detector.inl">
      <Filter>Inline Files</Filter>
    </None>
    <None Include="IDL_File_Ordering_Processor.inl">
      <Filter>Inline Files</Filter>
    </None>
  </ItemGroup>
  <ItemGroup>
    <CustomBuild Include="PICML_IDLGeneratorComponent.html">
      <Filter>Documentation</Filter>
    </CustomBuild>
  </ItemGroup>
  <ItemGroup>
    <ResourceCompile Include="CompIcon.ico">
      <Filter>Resource Files</Filter>
    </ResourceCompile>
    <ResourceCompile Include="Component.rc">
      <Filter>Resource Files</Filter>
    </ResourceCompile>
  </ItemGroup>
</Project>
